Microsoft Visual Studio Solution File, Format Version 12.00
# Visual Studio Version 17
VisualStudioVersion = 17.5.2.0
MinimumVisualStudioVersion = 10.0.40219.1
Project("{2150E333-8FDC-42A3-9474-1A3956D46DE8}") = "src", "src", "{827E0CD3-B72D-47B6-A68D-7590B98EB39B}"
EndProject
Project("{FAE04EC0-301F-11D3-BF4B-00C04F79EFBC}") = "ImageTextExtractor", "src\ImageTextExtractor\ImageTextExtractor.csproj", "{0B5C5BF4-1F84-2A76-D833-9B51F94A97F9}"
EndProject
Global
	GlobalSection(SolutionConfigurationPlatforms) = preSolution
		Debug|Any CPU = Debug|Any CPU
		Release|Any CPU = Release|Any CPU
	EndGlobalSection
	GlobalSection(ProjectConfigurationPlatforms) = postSolution
		{0B5C5BF4-1F84-2A76-D833-9B51F94A97F9}.Debug|Any CPU.ActiveCfg = Debug|Any CPU
		{0B5C5BF4-1F84-2A76-D833-9B51F94A97F9}.Debug|Any CPU.Build.0 = Debug|Any CPU
		{0B5C5BF4-1F84-2A76-D833-9B51F94A97F9}.Release|Any CPU.ActiveCfg = Release|Any CPU
		{0B5C5BF4-1F84-2A76-D833-9B51F94A97F9}.Release|Any CPU.Build.0 = Release|Any CPU
	EndGlobalSection
	GlobalSection(SolutionProperties) = preSolution
		HideSolutionNode = FALSE
	EndGlobalSection
	GlobalSection(NestedProjects) = preSolution
		{0B5C5BF4-1F84-2A76-D833-9B51F94A97F9} = {827E0CD3-B72D-47B6-A68D-7590B98EB39B}
	EndGlobalSection
	GlobalSection(ExtensibilityGlobals) = postSolution
		SolutionGuid = {80121B3F-D766-4329-ABD3-60B9FAD689CB}
	EndGlobalSection
EndGlobal
